
Microsoft Visual Studio Solution File, Format Version 12.00
# Visual Studio Version 16
VisualStudioVersion = 16.0.29920.165
MinimumVisualStudioVersion = 10.0.40219.1
Project("{FAE04EC0-301F-11D3-BF4B-00C04F79EFBC}") = "SavingsNinja.Android", "SavingsNinja\SavingsNinja.Android\SavingsNinja.Android.csproj", "{0110F5C4-3BAB-4582-9F90-449643AAC5FB}"
EndProject
Project("{FAE04EC0-301F-11D3-BF4B-00C04F79EFBC}") = "SavingsNinja", "SavingsNinja\SavingsNinja\SavingsNinja.csproj", "{4E47644C-CB73-45EA-8347-FFF4C4AEE1D1}"
EndProject
Global
	GlobalSection(SolutionConfigurationPlatforms) = preSolution
		Debug|Any CPU = Debug|Any CPU
		Release|Any CPU = Release|Any CPU
	EndGlobalSection
	GlobalSection(ProjectConfigurationPlatforms) = postSolution
		{0110F5C4-3BAB-4582-9F90-449643AAC5FB}.Debug|Any CPU.ActiveCfg = Debug|Any CPU
		{0110F5C4-3BAB-4582-9F90-449643AAC5FB}.Debug|Any CPU.Build.0 = Debug|Any CPU
		{0110F5C4-3BAB-4582-9F90-449643AAC5FB}.Debug|Any CPU.Deploy.0 = Debug|Any CPU
		{0110F5C4-3BAB-4582-9F90-449643AAC5FB}.Release|Any CPU.ActiveCfg = Release|Any CPU
		{0110F5C4-3BAB-4582-9F90-449643AAC5FB}.Release|Any CPU.Build.0 = Release|Any CPU
		{0110F5C4-3BAB-4582-9F90-449643AAC5FB}.Release|Any CPU.Deploy.0 = Release|Any CPU
		{4E47644C-CB73-45EA-8347-FFF4C4AEE1D1}.Debug|Any CPU.ActiveCfg = Debug|Any CPU
		{4E47644C-CB73-45EA-8347-FFF4C4AEE1D1}.Debug|Any CPU.Build.0 = Debug|Any CPU
		{4E47644C-CB73-45EA-8347-FFF4C4AEE1D1}.Release|Any CPU.ActiveCfg = Release|Any CPU
		{4E47644C-CB73-45EA-8347-FFF4C4AEE1D1}.Release|Any CPU.Build.0 = Release|Any CPU
	EndGlobalSection
	GlobalSection(SolutionProperties) = preSolution
		HideSolutionNode = FALSE
	EndGlobalSection
	GlobalSection(ExtensibilityGlobals) = postSolution
		SolutionGuid = {6619B8DA-B5C4-49AC-9DFA-439843F08672}
	EndGlobalSection
EndGlobal
